{
  "version": 4,
  "terraform_version": "1.3.1",
  "serial": 65,
  "lineage": "e8344d79-aaa4-870d-681b-dd2b969d0e75",
  "outputs": {},
  "resources": [
    {
      "mode": "data",
      "type": "aws_subnet",
      "name": "selected",
      "provider": "provider[\"registry.terraform.io/hashicorp/aws\"]",
      "instances": [
        {
          "schema_version": 0,
          "attributes": {
            "arn": "arn:aws:ec2:eu-central-1:025214109527:subnet/subnet-07f3737030dbcfded",
            "assign_ipv6_address_on_creation": false,
            "availability_zone": "eu-central-1a",
            "availability_zone_id": "euc1-az2",
            "available_ip_address_count": 65507,
            "cidr_block": "172.31.0.0/16",
            "customer_owned_ipv4_pool": "",
            "default_for_az": false,
            "enable_dns64": false,
            "enable_resource_name_dns_a_record_on_launch": false,
            "enable_resource_name_dns_aaaa_record_on_launch": false,
            "filter": null,
            "id": "subnet-07f3737030dbcfded",
            "ipv6_cidr_block": "",
            "ipv6_cidr_block_association_id": "",
            "ipv6_native": false,
            "map_customer_owned_ip_on_launch": false,
            "map_public_ip_on_launch": false,
            "outpost_arn": "",
            "owner_id": "025214109527",
            "private_dns_hostname_type_on_launch": "ip-name",
            "state": "available",
            "tags": {
              "Name": "20220719-test"
            },
            "timeouts": null,
            "vpc_id": "vpc-0f84c261fd0ed8de7"
          },
          "sensitive_attributes": []
        }
      ]
    },
    {
      "mode": "managed",
      "type": "aws_instance",
      "name": "an_ec2",
      "provider": "provider[\"registry.terraform.io/hashicorp/aws\"]",
      "instances": [
        {
          "schema_version": 1,
          "attributes": {
            "ami": "ami-0caef02b518350c8b",
            "arn": "arn:aws:ec2:eu-central-1:025214109527:instance/i-05fec72ada176b8b6",
            "associate_public_ip_address": true,
            "availability_zone": "eu-central-1a",
            "capacity_reservation_specification": [
              {
                "capacity_reservation_preference": "open",
                "capacity_reservation_target": []
              }
            ],
            "cpu_core_count": 1,
            "cpu_threads_per_core": 1,
            "credit_specification": [
              {
                "cpu_credits": "standard"
              }
            ],
            "disable_api_stop": false,
            "disable_api_termination": false,
            "ebs_block_device": [],
            "ebs_optimized": false,
            "enclave_options": [
              {
                "enabled": false
              }
            ],
            "ephemeral_block_device": [],
            "get_password_data": false,
            "hibernation": false,
            "host_id": null,
            "host_resource_group_arn": null,
            "iam_instance_profile": "",
            "id": "i-05fec72ada176b8b6",
            "instance_initiated_shutdown_behavior": "stop",
            "instance_state": "running",
            "instance_type": "t2.micro",
            "ipv6_address_count": 0,
            "ipv6_addresses": [],
            "key_name": "deployer-key-jgz",
            "launch_template": [],
            "maintenance_options": [
              {
                "auto_recovery": "default"
              }
            ],
            "metadata_options": [
              {
                "http_endpoint": "enabled",
                "http_put_response_hop_limit": 1,
                "http_tokens": "optional",
                "instance_metadata_tags": "disabled"
              }
            ],
            "monitoring": false,
            "network_interface": [],
            "outpost_arn": "",
            "password_data": "",
            "placement_group": "",
            "placement_partition_number": null,
            "primary_network_interface_id": "eni-0f680248f5ce79b3d",
            "private_dns": "ip-172-31-215-228.eu-central-1.compute.internal",
            "private_dns_name_options": [
              {
                "enable_resource_name_dns_a_record": false,
                "enable_resource_name_dns_aaaa_record": false,
                "hostname_type": "ip-name"
              }
            ],
            "private_ip": "172.31.215.228",
            "public_dns": "ec2-3-67-12-74.eu-central-1.compute.amazonaws.com",
            "public_ip": "3.67.12.74",
            "root_block_device": [
              {
                "delete_on_termination": true,
                "device_name": "/dev/sda1",
                "encrypted": false,
                "iops": 100,
                "kms_key_id": "",
                "tags": {},
                "throughput": 0,
                "volume_id": "vol-0c1f68512bf360301",
                "volume_size": 8,
                "volume_type": "gp2"
              }
            ],
            "secondary_private_ips": [],
            "security_groups": [
              "sec_grp_jgz"
            ],
            "source_dest_check": true,
            "subnet_id": "subnet-07f3737030dbcfded",
            "tags": {
              "Author": "jeangiono",
              "Name": "anEC2fromJGZ"
            },
            "tags_all": {
              "Author": "jeangiono",
              "Name": "anEC2fromJGZ"
            },
            "tenancy": "default",
            "timeouts": null,
            "user_data": "99ba15ea3845afbe4c685a3caae2901585b8df38",
            "user_data_base64": null,
            "user_data_replace_on_change": false,
            "volume_tags": null,
            "vpc_security_group_ids": [
              "sg-0b47653bc0fa7cde2"
            ]
          },
          "sensitive_attributes": [],
          "private": "eyJlMmJmYjczMC1lY2FhLTExZTYtOGY4OC0zNDM2M2JjN2M0YzAiOnsiY3JlYXRlIjo2MDAwMDAwMDAwMDAsImRlbGV0ZSI6MTIwMDAwMDAwMDAwMCwidXBkYXRlIjo2MDAwMDAwMDAwMDB9LCJzY2hlbWFfdmVyc2lvbiI6IjEifQ==",
          "dependencies": [
            "aws_key_pair.deployer-ssh-key",
            "aws_security_group.instance_jgz",
            "data.aws_subnet.selected"
          ]
        }
      ]
    },
    {
      "mode": "managed",
      "type": "aws_key_pair",
      "name": "deployer-ssh-key",
      "provider": "provider[\"registry.terraform.io/hashicorp/aws\"]",
      "instances": [
        {
          "schema_version": 1,
          "attributes": {
            "arn": "arn:aws:ec2:eu-central-1:025214109527:key-pair/deployer-key-jgz",
            "fingerprint": "fd:05:7d:35:7c:3b:b6:59:07:6a:0e:a1:ca:7a:6a:8e",
            "id": "deployer-key-jgz",
            "key_name": "deployer-key-jgz",
            "key_name_prefix": "",
            "key_pair_id": "key-0099d6ea96435000f",
            "key_type": "rsa",
            "public_key": "ssh-rsa AAAAB3NzaC1yc2EAAAADAQABAAABgQC2lGi1z7kvdHuAGhxRYL9pcwSXXaAP3RTj84XX02g9fsNR4yvQi+UadzaKq/zV8+gcT35KeZEIW+umgrNVRpAadiZnKYQI8k8iujJr8IbBB/dt+idrF2/RDzNxuU/0tFuVrrxmizA4g68DJKzIl/Uo4UqW33DBoMdcxShgPp/K+wFhArVhYbjM2fGFC58/mbbNX/d19XFLSvfIM63i+R5nzlJcFoQWD9QtASAJbj/4P6nAhuWwBQ2Dl3Os7Ol3K1H7zIs4eLhBVC6UzWsEJ99obvJpMswv6KRzLAlMUkAQB1IRdtq/P4tMl5FigmGCr7IhA1L1gHE6jvLAvHUhkn/1flf8Yt/wlL1htn4LKtjnlu8hNuJik90PJyEWw1wgTRHTRs6SYOiPxmrv3VvUbPB/vPON31G28nJgmxYviaRWKQ4qss3ZFOBI7D1J3OI6pd7Eq2k2FdBZhod8c9pgJO8LzTONox1BAMflF6zuwjeJDCuHh8Uett8okf73uFZn5B0= jgz@jgz",
            "tags": null,
            "tags_all": {}
          },
          "sensitive_attributes": [],
          "private": "eyJzY2hlbWFfdmVyc2lvbiI6IjEifQ=="
        }
      ]
    },
    {
      "mode": "managed",
      "type": "aws_security_group",
      "name": "instance_jgz",
      "provider": "provider[\"registry.terraform.io/hashicorp/aws\"]",
      "instances": [
        {
          "schema_version": 1,
          "attributes": {
            "arn": "arn:aws:ec2:eu-central-1:025214109527:security-group/sg-0b47653bc0fa7cde2",
            "description": "this is a security group",
            "egress": [
              {
                "cidr_blocks": [
                  "0.0.0.0/0"
                ],
                "description": "",
                "from_port": 0,
                "ipv6_cidr_blocks": [],
                "prefix_list_ids": [],
                "protocol": "-1",
                "security_groups": [],
                "self": false,
                "to_port": 0
              }
            ],
            "id": "sg-0b47653bc0fa7cde2",
            "ingress": [
              {
                "cidr_blocks": [
                  "0.0.0.0/0"
                ],
                "description": "apache http",
                "from_port": 80,
                "ipv6_cidr_blocks": [],
                "prefix_list_ids": [],
                "protocol": "tcp",
                "security_groups": [],
                "self": false,
                "to_port": 80
              }
            ],
            "name": "sec_grp_jgz",
            "name_prefix": "",
            "owner_id": "025214109527",
            "revoke_rules_on_delete": false,
            "tags": {
              "Name": "jeangiono_secgrp"
            },
            "tags_all": {
              "Name": "jeangiono_secgrp"
            },
            "timeouts": null,
            "vpc_id": "vpc-0f84c261fd0ed8de7"
          },
          "sensitive_attributes": [],
          "private": "eyJlMmJmYjczMC1lY2FhLTExZTYtOGY4OC0zNDM2M2JjN2M0YzAiOnsiY3JlYXRlIjo2MDAwMDAwMDAwMDAsImRlbGV0ZSI6OTAwMDAwMDAwMDAwfSwic2NoZW1hX3ZlcnNpb24iOiIxIn0=",
          "dependencies": [
            "data.aws_subnet.selected"
          ]
        }
      ]
    },
    {
      "mode": "managed",
      "type": "aws_security_group_rule",
      "name": "ssh",
      "provider": "provider[\"registry.terraform.io/hashicorp/aws\"]",
      "instances": [
        {
          "schema_version": 2,
          "attributes": {
            "cidr_blocks": [
              "0.0.0.0/0"
            ],
            "description": "ssh for ansible",
            "from_port": 22,
            "id": "sgrule-3470215275",
            "ipv6_cidr_blocks": null,
            "prefix_list_ids": null,
            "protocol": "tcp",
            "security_group_id": "sg-0b47653bc0fa7cde2",
            "self": false,
            "source_security_group_id": null,
            "timeouts": null,
            "to_port": 22,
            "type": "ingress"
          },
          "sensitive_attributes": [],
          "private": "eyJlMmJmYjczMC1lY2FhLTExZTYtOGY4OC0zNDM2M2JjN2M0YzAiOnsiY3JlYXRlIjozMDAwMDAwMDAwMDB9LCJzY2hlbWFfdmVyc2lvbiI6IjIifQ==",
          "dependencies": [
            "aws_security_group.instance_jgz",
            "data.aws_subnet.selected"
          ]
        }
      ]
    }
  ],
  "check_results": []
}
